
Microsoft Visual Studio Solution File, Format Version 12.00
# Visual Studio Version 17
VisualStudioVersion = 17.1.32210.238
MinimumVisualStudioVersion = 10.0.40219.1
Project("{9A19103F-16F7-4668-BE54-9A1E7A4F7556}") = "HospitalManagementSystem", "HospitalManagementSystem.csproj", "{E230B9F2-1CAF-45C8-AD9A-013480F87C8D}"
EndProject
Project("{FAE04EC0-301F-11D3-BF4B-00C04F79EFBC}") = "HospitalManagementAPI", "..\HospitalManagementAPI\HospitalManagementAPI.csproj", "{0C19DAB6-8262-47CE-AF66-AD11D727AF0B}"
EndProject
Global
	GlobalSection(SolutionConfigurationPlatforms) = preSolution
		Debug|Any CPU = Debug|Any CPU
		Release|Any CPU = Release|Any CPU
	EndGlobalSection
	GlobalSection(ProjectConfigurationPlatforms) = postSolution
		{E230B9F2-1CAF-45C8-AD9A-013480F87C8D}.Debug|Any CPU.ActiveCfg = Debug|Any CPU
		{E230B9F2-1CAF-45C8-AD9A-013480F87C8D}.Debug|Any CPU.Build.0 = Debug|Any CPU
		{E230B9F2-1CAF-45C8-AD9A-013480F87C8D}.Release|Any CPU.ActiveCfg = Release|Any CPU
		{E230B9F2-1CAF-45C8-AD9A-013480F87C8D}.Release|Any CPU.Build.0 = Release|Any CPU
		{0C19DAB6-8262-47CE-AF66-AD11D727AF0B}.Debug|Any CPU.ActiveCfg = Debug|Any CPU
		{0C19DAB6-8262-47CE-AF66-AD11D727AF0B}.Debug|Any CPU.Build.0 = Debug|Any CPU
		{0C19DAB6-8262-47CE-AF66-AD11D727AF0B}.Release|Any CPU.ActiveCfg = Release|Any CPU
		{0C19DAB6-8262-47CE-AF66-AD11D727AF0B}.Release|Any CPU.Build.0 = Release|Any CPU
	EndGlobalSection
	GlobalSection(SolutionProperties) = preSolution
		HideSolutionNode = FALSE
	EndGlobalSection
	GlobalSection(ExtensibilityGlobals) = postSolution
		SolutionGuid = {97E12959-447C-4238-A400-0FC86DBCF4B9}
	EndGlobalSection
EndGlobal
